
Microsoft Visual Studio Solution File, Format Version 12.00
# Visual Studio Version 17
VisualStudioVersion = 17.5.33530.505
MinimumVisualStudioVersion = 10.0.40219.1
Project("{9A19103F-16F7-4668-BE54-9A1E7A4F7556}") = "Grimoire.Domain", "Grimoire.Domain\Grimoire.Domain.csproj", "{24E721C4-5C32-4F30-94F4-9969DB51936F}"
EndProject
Project("{9A19103F-16F7-4668-BE54-9A1E7A4F7556}") = "Grimoire.Core", "Grimoire.Core\Grimoire.Core.csproj", "{657216D1-A79A-488F-B52C-3489E3F99224}"
EndProject
Project("{9A19103F-16F7-4668-BE54-9A1E7A4F7556}") = "Grimoire.Core.Test.Unit", "Grimoire.Core.Test.Unit\Grimoire.Core.Test.Unit.csproj", "{44D7B386-B57D-4EC4-8355-8944B5EFF514}"
EndProject
Project("{9A19103F-16F7-4668-BE54-9A1E7A4F7556}") = "Grimoire.Discord", "Grimoire.Discord\Grimoire.Discord.csproj", "{AE794861-7417-4B86-9A2F-58779EBE09AC}"
EndProject
Project("{2150E333-8FDC-42A3-9474-1A3956D46DE8}") = "Solution Items", "Solution Items", "{FE0DA0F4-085D-4261-BEE2-EE43EBB982DA}"
	ProjectSection(SolutionItems) = preProject
		.editorconfig = .editorconfig
		Dockerfile = Dockerfile
	EndProjectSection
EndProject
Project("{9A19103F-16F7-4668-BE54-9A1E7A4F7556}") = "Grimoire.MigrationTool", "Grimoire.MigrationTool\Grimoire.MigrationTool.csproj", "{2C3BBCB2-64D4-4428-AACE-2D87544E043C}"
EndProject
Global
	GlobalSection(SolutionConfigurationPlatforms) = preSolution
		Debug|Any CPU = Debug|Any CPU
		Release|Any CPU = Release|Any CPU
	EndGlobalSection
	GlobalSection(ProjectConfigurationPlatforms) = postSolution
		{24E721C4-5C32-4F30-94F4-9969DB51936F}.Debug|Any CPU.ActiveCfg = Debug|Any CPU
		{24E721C4-5C32-4F30-94F4-9969DB51936F}.Debug|Any CPU.Build.0 = Debug|Any CPU
		{24E721C4-5C32-4F30-94F4-9969DB51936F}.Release|Any CPU.ActiveCfg = Release|Any CPU
		{24E721C4-5C32-4F30-94F4-9969DB51936F}.Release|Any CPU.Build.0 = Release|Any CPU
		{657216D1-A79A-488F-B52C-3489E3F99224}.Debug|Any CPU.ActiveCfg = Debug|Any CPU
		{657216D1-A79A-488F-B52C-3489E3F99224}.Debug|Any CPU.Build.0 = Debug|Any CPU
		{657216D1-A79A-488F-B52C-3489E3F99224}.Release|Any CPU.ActiveCfg = Release|Any CPU
		{657216D1-A79A-488F-B52C-3489E3F99224}.Release|Any CPU.Build.0 = Release|Any CPU
		{44D7B386-B57D-4EC4-8355-8944B5EFF514}.Debug|Any CPU.ActiveCfg = Debug|Any CPU
		{44D7B386-B57D-4EC4-8355-8944B5EFF514}.Debug|Any CPU.Build.0 = Debug|Any CPU
		{44D7B386-B57D-4EC4-8355-8944B5EFF514}.Release|Any CPU.ActiveCfg = Release|Any CPU
		{44D7B386-B57D-4EC4-8355-8944B5EFF514}.Release|Any CPU.Build.0 = Release|Any CPU
		{AE794861-7417-4B86-9A2F-58779EBE09AC}.Debug|Any CPU.ActiveCfg = Debug|Any CPU
		{AE794861-7417-4B86-9A2F-58779EBE09AC}.Debug|Any CPU.Build.0 = Debug|Any CPU
		{AE794861-7417-4B86-9A2F-58779EBE09AC}.Release|Any CPU.ActiveCfg = Release|Any CPU
		{AE794861-7417-4B86-9A2F-58779EBE09AC}.Release|Any CPU.Build.0 = Release|Any CPU
		{2C3BBCB2-64D4-4428-AACE-2D87544E043C}.Debug|Any CPU.ActiveCfg = Debug|Any CPU
		{2C3BBCB2-64D4-4428-AACE-2D87544E043C}.Debug|Any CPU.Build.0 = Debug|Any CPU
		{2C3BBCB2-64D4-4428-AACE-2D87544E043C}.Release|Any CPU.ActiveCfg = Release|Any CPU
		{2C3BBCB2-64D4-4428-AACE-2D87544E043C}.Release|Any CPU.Build.0 = Release|Any CPU
	EndGlobalSection
	GlobalSection(SolutionProperties) = preSolution
		HideSolutionNode = FALSE
	EndGlobalSection
	GlobalSection(ExtensibilityGlobals) = postSolution
		SolutionGuid = {51E940E4-EB15-40FA-8D76-C6D5C3EE1963}
	EndGlobalSection
EndGlobal
